
Microsoft Visual Studio Solution File, Format Version 12.00
# Visual Studio Version 17
VisualStudioVersion = 17.9.34616.47
MinimumVisualStudioVersion = 10.0.40219.1
Project("{FAE04EC0-301F-11D3-BF4B-00C04F79EFBC}") = "HumanResourceManagement", "HumanResourceManagement\HumanResourceManagement.csproj", "{EEAE3BFA-E28E-4037-A6AA-F724F29DC272}"
EndProject
Global
	GlobalSection(SolutionConfigurationPlatforms) = preSolution
		Debug|Any CPU = Debug|Any CPU
		Release|Any CPU = Release|Any CPU
	EndGlobalSection
	GlobalSection(ProjectConfigurationPlatforms) = postSolution
		{EEAE3BFA-E28E-4037-A6AA-F724F29DC272}.Debug|Any CPU.ActiveCfg = Debug|Any CPU
		{EEAE3BFA-E28E-4037-A6AA-F724F29DC272}.Debug|Any CPU.Build.0 = Debug|Any CPU
		{EEAE3BFA-E28E-4037-A6AA-F724F29DC272}.Release|Any CPU.ActiveCfg = Release|Any CPU
		{EEAE3BFA-E28E-4037-A6AA-F724F29DC272}.Release|Any CPU.Build.0 = Release|Any CPU
	EndGlobalSection
	GlobalSection(SolutionProperties) = preSolution
		HideSolutionNode = FALSE
	EndGlobalSection
	GlobalSection(ExtensibilityGlobals) = postSolution
		SolutionGuid = {A9D9B728-9BD4-4692-91A2-EBE6F682EAB8}
	EndGlobalSection
EndGlobal
